
Microsoft Visual Studio Solution File, Format Version 12.00
# Visual Studio Version 17
VisualStudioVersion = 17.13.36105.23 d17.13
MinimumVisualStudioVersion = 10.0.40219.1
Project("{FAE04EC0-301F-11D3-BF4B-00C04F79EFBC}") = "TeachingTipPlacementIssue", "TeachingTipPlacementIssue\TeachingTipPlacementIssue.csproj", "{39E6A07E-5DEB-4BD3-9ECE-8661DC9628D3}"
EndProject
Global
	GlobalSection(SolutionConfigurationPlatforms) = preSolution
		Debug|ARM64 = Debug|ARM64
		Debug|x64 = Debug|x64
		Debug|x86 = Debug|x86
		Release|ARM64 = Release|ARM64
		Release|x64 = Release|x64
		Release|x86 = Release|x86
	EndGlobalSection
	GlobalSection(ProjectConfigurationPlatforms) = postSolution
		{39E6A07E-5DEB-4BD3-9ECE-8661DC9628D3}.Debug|ARM64.ActiveCfg = Debug|ARM64
		{39E6A07E-5DEB-4BD3-9ECE-8661DC9628D3}.Debug|ARM64.Build.0 = Debug|ARM64
		{39E6A07E-5DEB-4BD3-9ECE-8661DC9628D3}.Debug|ARM64.Deploy.0 = Debug|ARM64
		{39E6A07E-5DEB-4BD3-9ECE-8661DC9628D3}.Debug|x64.ActiveCfg = Debug|x64
		{39E6A07E-5DEB-4BD3-9ECE-8661DC9628D3}.Debug|x64.Build.0 = Debug|x64
		{39E6A07E-5DEB-4BD3-9ECE-8661DC9628D3}.Debug|x64.Deploy.0 = Debug|x64
		{39E6A07E-5DEB-4BD3-9ECE-8661DC9628D3}.Debug|x86.ActiveCfg = Debug|x86
		{39E6A07E-5DEB-4BD3-9ECE-8661DC9628D3}.Debug|x86.Build.0 = Debug|x86
		{39E6A07E-5DEB-4BD3-9ECE-8661DC9628D3}.Debug|x86.Deploy.0 = Debug|x86
		{39E6A07E-5DEB-4BD3-9ECE-8661DC9628D3}.Release|ARM64.ActiveCfg = Release|ARM64
		{39E6A07E-5DEB-4BD3-9ECE-8661DC9628D3}.Release|ARM64.Build.0 = Release|ARM64
		{39E6A07E-5DEB-4BD3-9ECE-8661DC9628D3}.Release|ARM64.Deploy.0 = Release|ARM64
		{39E6A07E-5DEB-4BD3-9ECE-8661DC9628D3}.Release|x64.ActiveCfg = Release|x64
		{39E6A07E-5DEB-4BD3-9ECE-8661DC9628D3}.Release|x64.Build.0 = Release|x64
		{39E6A07E-5DEB-4BD3-9ECE-8661DC9628D3}.Release|x64.Deploy.0 = Release|x64
		{39E6A07E-5DEB-4BD3-9ECE-8661DC9628D3}.Release|x86.ActiveCfg = Release|x86
		{39E6A07E-5DEB-4BD3-9ECE-8661DC9628D3}.Release|x86.Build.0 = Release|x86
		{39E6A07E-5DEB-4BD3-9ECE-8661DC9628D3}.Release|x86.Deploy.0 = Release|x86
	EndGlobalSection
	GlobalSection(SolutionProperties) = preSolution
		HideSolutionNode = FALSE
	EndGlobalSection
	GlobalSection(ExtensibilityGlobals) = postSolution
		SolutionGuid = {EF86A6E6-E619-4DAA-A7F6-A14A50653F2C}
	EndGlobalSection
EndGlobal
